
Microsoft Visual Studio Solution File, Format Version 12.00
# Visual Studio Version 16
VisualStudioVersion = 16.0.31129.286
MinimumVisualStudioVersion = 10.0.40219.1
Project("{9A19103F-16F7-4668-BE54-9A1E7A4F7556}") = "Task1", "Task1\Task1.csproj", "{3927442A-D14D-4E49-A59D-2636F8B5D0DE}"
EndProject
Project("{FAE04EC0-301F-11D3-BF4B-00C04F79EFBC}") = "Task2", "Task2\Task2.csproj", "{A5C5BE97-27F5-459D-BCDB-1ED263880E8D}"
EndProject
Project("{FAE04EC0-301F-11D3-BF4B-00C04F79EFBC}") = "Task3", "Task3\Task3.csproj", "{D53FE8E6-4EBC-4FC3-B02C-AD8E769652A3}"
EndProject
Global
	GlobalSection(SolutionConfigurationPlatforms) = preSolution
		Debug|Any CPU = Debug|Any CPU
		Release|Any CPU = Release|Any CPU
	EndGlobalSection
	GlobalSection(ProjectConfigurationPlatforms) = postSolution
		{3927442A-D14D-4E49-A59D-2636F8B5D0DE}.Debug|Any CPU.ActiveCfg = Debug|Any CPU
		{3927442A-D14D-4E49-A59D-2636F8B5D0DE}.Debug|Any CPU.Build.0 = Debug|Any CPU
		{3927442A-D14D-4E49-A59D-2636F8B5D0DE}.Release|Any CPU.ActiveCfg = Release|Any CPU
		{3927442A-D14D-4E49-A59D-2636F8B5D0DE}.Release|Any CPU.Build.0 = Release|Any CPU
		{A5C5BE97-27F5-459D-BCDB-1ED263880E8D}.Debug|Any CPU.ActiveCfg = Debug|Any CPU
		{A5C5BE97-27F5-459D-BCDB-1ED263880E8D}.Debug|Any CPU.Build.0 = Debug|Any CPU
		{A5C5BE97-27F5-459D-BCDB-1ED263880E8D}.Release|Any CPU.ActiveCfg = Release|Any CPU
		{A5C5BE97-27F5-459D-BCDB-1ED263880E8D}.Release|Any CPU.Build.0 = Release|Any CPU
		{D53FE8E6-4EBC-4FC3-B02C-AD8E769652A3}.Debug|Any CPU.ActiveCfg = Debug|Any CPU
		{D53FE8E6-4EBC-4FC3-B02C-AD8E769652A3}.Debug|Any CPU.Build.0 = Debug|Any CPU
		{D53FE8E6-4EBC-4FC3-B02C-AD8E769652A3}.Release|Any CPU.ActiveCfg = Release|Any CPU
		{D53FE8E6-4EBC-4FC3-B02C-AD8E769652A3}.Release|Any CPU.Build.0 = Release|Any CPU
	EndGlobalSection
	GlobalSection(SolutionProperties) = preSolution
		HideSolutionNode = FALSE
	EndGlobalSection
	GlobalSection(ExtensibilityGlobals) = postSolution
		SolutionGuid = {7630C931-A40E-4A95-B457-5968A54504EF}
	EndGlobalSection
EndGlobal
